// !$*UTF8*$!
{
	archiveVersion = 1;
	classes = {
	};
	objectVersion = 51;
	objects = {

/* Begin PBXBuildFile section */
		481979AB25BDE17600A338B7 /* AppDelegate.swift in Sources */ = {isa = PBXBuildFile; fileRef = 481979AA25BDE17600A338B7 /* AppDelegate.swift */; };
		481979AD25BDE17600A338B7 /* SceneDelegate.swift in Sources */ = {isa = PBXBuildFile; fileRef = 481979AC25BDE17600A338B7 /* SceneDelegate.swift */; };
		481979AF25BDE17600A338B7 /* HomeController.swift in Sources */ = {isa = PBXBuildFile; fileRef = 481979AE25BDE17600A338B7 /* HomeController.swift */; };
		481979B225BDE17600A338B7 /* Main.storyboard in Resources */ = {isa = PBXBuildFile; fileRef = 481979B025BDE17600A338B7 /* Main.storyboard */; };
		481979B425BDE17800A338B7 /* Assets.xcassets in Resources */ = {isa = PBXBuildFile; fileRef = 481979B325BDE17800A338B7 /* Assets.xcassets */; };
		481979B725BDE17800A338B7 /* LaunchScreen.storyboard in Resources */ = {isa = PBXBuildFile; fileRef = 481979B525BDE17800A338B7 /* LaunchScreen.storyboard */; };
		481979C025BDE48000A338B7 /* Extensions+UIView.swift in Sources */ = {isa = PBXBuildFile; fileRef = 481979BF25BDE48000A338B7 /* Extensions+UIView.swift */; };
		481979C325BDEC6E00A338B7 /* HomeBottomControlsStackView.swift in Sources */ = {isa = PBXBuildFile; fileRef = 481979C225BDEC6E00A338B7 /* HomeBottomControlsStackView.swift */; };
		481979C525BDEFB900A338B7 /* TopNavigationStackView.swift in Sources */ = {isa = PBXBuildFile; fileRef = 481979C425BDEFB900A338B7 /* TopNavigationStackView.swift */; };
		481979C725BDF59700A338B7 /* CardView.swift in Sources */ = {isa = PBXBuildFile; fileRef = 481979C625BDF59700A338B7 /* CardView.swift */; };
		485F10FF25C08EED0011C977 /* Bindable.swift in Sources */ = {isa = PBXBuildFile; fileRef = 485F10FE25C08EED0011C977 /* Bindable.swift */; };
		4868DE4825BF369000F30D42 /* Advertiser.swift in Sources */ = {isa = PBXBuildFile; fileRef = 4868DE4725BF369000F30D42 /* Advertiser.swift */; };
		4879964D25BF248400CE9B9F /* User.swift in Sources */ = {isa = PBXBuildFile; fileRef = 4879964C25BF248400CE9B9F /* User.swift */; };
		4879965125BF2D7300CE9B9F /* CardViewModel.swift in Sources */ = {isa = PBXBuildFile; fileRef = 4879965025BF2D7300CE9B9F /* CardViewModel.swift */; };
		4880B4E425BF7EEC005BF31B /* RegistrationController.swift in Sources */ = {isa = PBXBuildFile; fileRef = 4880B4E325BF7EEC005BF31B /* RegistrationController.swift */; };
		4880B4E625BF8452005BF31B /* CustomTextField.swift in Sources */ = {isa = PBXBuildFile; fileRef = 4880B4E525BF8452005BF31B /* CustomTextField.swift */; };
		4880B4E825BF9533005BF31B /* RegistrationViewModel.swift in Sources */ = {isa = PBXBuildFile; fileRef = 4880B4E725BF9533005BF31B /* RegistrationViewModel.swift */; };
		4880B4EA25BF9E10005BF31B /* GoogleService-Info.plist in Resources */ = {isa = PBXBuildFile; fileRef = 4880B4E925BF9E10005BF31B /* GoogleService-Info.plist */; };
		48B0E73325C21711004243A4 /* Firebase+Utils.swift in Sources */ = {isa = PBXBuildFile; fileRef = 48B0E73225C21711004243A4 /* Firebase+Utils.swift */; };
		48E1FE4F25C1BCE000502387 /* SettingsController.swift in Sources */ = {isa = PBXBuildFile; fileRef = 48E1FE4E25C1BCE000502387 /* SettingsController.swift */; };
		48E1FE5125C1C91400502387 /* SettingsCell.swift in Sources */ = {isa = PBXBuildFile; fileRef = 48E1FE5025C1C91400502387 /* SettingsCell.swift */; };
		48E1FE5325C1EEDE00502387 /* AgeRangeCell.swift in Sources */ = {isa = PBXBuildFile; fileRef = 48E1FE5225C1EEDE00502387 /* AgeRangeCell.swift */; };
		4FF4D24EEB278D54D9AC7892 /* Pods_SwipeMatch.framework in Frameworks */ = {isa = PBXBuildFile; fileRef = 1E3110DA65867564E47909FC /* Pods_SwipeMatch.framework */; };
/* End PBXBuildFile section */

/* Begin PBXFileReference section */
		1E3110DA65867564E47909FC /* Pods_SwipeMatch.framework */ = {isa = PBXFileReference; explicitFileType = wrapper.framework; includeInIndex = 0; path = Pods_SwipeMatch.framework; sourceTree = BUILT_PRODUCTS_DIR; };
		31E56089287C9DA1F53A373C /* Pods-SwipeMatch.debug.xcconfig */ = {isa = PBXFileReference; includeInIndex = 1; lastKnownFileType = text.xcconfig; name = "Pods-SwipeMatch.debug.xcconfig"; path = "Target Support Files/Pods-SwipeMatch/Pods-SwipeMatch.debug.xcconfig"; sourceTree = "<group>"; };
		481979A725BDE17600A338B7 /* SwipeMatch.app */ = {isa = PBXFileReference; explicitFileType = wrapper.application; includeInIndex = 0; path = SwipeMatch.app; sourceTree = BUILT_PRODUCTS_DIR; };
		481979AA25BDE17600A338B7 /* AppDelegate.swift */ = {isa = PBXFileReference; lastKnownFileType = sourcecode.swift; path = AppDelegate.swift; sourceTree = "<group>"; };
		481979AC25BDE17600A338B7 /* SceneDelegate.swift */ = {isa = PBXFileReference; lastKnownFileType = sourcecode.swift; path = SceneDelegate.swift; sourceTree = "<group>"; };
		481979AE25BDE17600A338B7 /* HomeController.swift */ = {isa = PBXFileReference; lastKnownFileType = sourcecode.swift; path = HomeController.swift; sourceTree = "<group>"; };
		481979B125BDE17600A338B7 /* Base */ = {isa = PBXFileReference; lastKnownFileType = file.storyboard; name = Base; path = Base.lproj/Main.storyboard; sourceTree = "<group>"; };
		481979B325BDE17800A338B7 /* Assets.xcassets */ = {isa = PBXFileReference; lastKnownFileType = folder.assetcatalog; path = Assets.xcassets; sourceTree = "<group>"; };
		481979B625BDE17800A338B7 /* Base */ = {isa = PBXFileReference; lastKnownFileType = file.storyboard; name = Base; path = Base.lproj/LaunchScreen.storyboard; sourceTree = "<group>"; };
		481979B825BDE17800A338B7 /* Info.plist */ = {isa = PBXFileReference; lastKnownFileType = text.plist.xml; path = Info.plist; sourceTree = "<group>"; };
		481979BF25BDE48000A338B7 /* Extensions+UIView.swift */ = {isa = PBXFileReference; fileEncoding = 4; lastKnownFileType = sourcecode.swift; path = "Extensions+UIView.swift"; sourceTree = "<group>"; };
		481979C225BDEC6E00A338B7 /* HomeBottomControlsStackView.swift */ = {isa = PBXFileReference; lastKnownFileType = sourcecode.swift; path = HomeBottomControlsStackView.swift; sourceTree = "<group>"; };
		481979C425BDEFB900A338B7 /* TopNavigationStackView.swift */ = {isa = PBXFileReference; lastKnownFileType = sourcecode.swift; path = TopNavigationStackView.swift; sourceTree = "<group>"; };
		481979C625BDF59700A338B7 /* CardView.swift */ = {isa = PBXFileReference; lastKnownFileType = sourcecode.swift; path = CardView.swift; sourceTree = "<group>"; };
		485F10FE25C08EED0011C977 /* Bindable.swift */ = {isa = PBXFileReference; lastKnownFileType = sourcecode.swift; path = Bindable.swift; sourceTree = "<group>"; };
		4868DE4725BF369000F30D42 /* Advertiser.swift */ = {isa = PBXFileReference; lastKnownFileType = sourcecode.swift; path = Advertiser.swift; sourceTree = "<group>"; };
		4879964C25BF248400CE9B9F /* User.swift */ = {isa = PBXFileReference; lastKnownFileType = sourcecode.swift; path = User.swift; sourceTree = "<group>"; };
		4879965025BF2D7300CE9B9F /* CardViewModel.swift */ = {isa = PBXFileReference; lastKnownFileType = sourcecode.swift; path = CardViewModel.swift; sourceTree = "<group>"; };
		4880B4E325BF7EEC005BF31B /* RegistrationController.swift */ = {isa = PBXFileReference; lastKnownFileType = sourcecode.swift; path = RegistrationController.swift; sourceTree = "<group>"; };
		4880B4E525BF8452005BF31B /* CustomTextField.swift */ = {isa = PBXFileReference; lastKnownFileType = sourcecode.swift; path = CustomTextField.swift; sourceTree = "<group>"; };
		4880B4E725BF9533005BF31B /* RegistrationViewModel.swift */ = {isa = PBXFileReference; lastKnownFileType = sourcecode.swift; path = RegistrationViewModel.swift; sourceTree = "<group>"; };
		4880B4E925BF9E10005BF31B /* GoogleService-Info.plist */ = {isa = PBXFileReference; fileEncoding = 4; lastKnownFileType = text.plist.xml; path = "GoogleService-Info.plist"; sourceTree = "<group>"; };
		48B0E73225C21711004243A4 /* Firebase+Utils.swift */ = {isa = PBXFileReference; lastKnownFileType = sourcecode.swift; path = "Firebase+Utils.swift"; sourceTree = "<group>"; };
		48E1FE4E25C1BCE000502387 /* SettingsController.swift */ = {isa = PBXFileReference; lastKnownFileType = sourcecode.swift; path = SettingsController.swift; sourceTree = "<group>"; };
		48E1FE5025C1C91400502387 /* SettingsCell.swift */ = {isa = PBXFileReference; lastKnownFileType = sourcecode.swift; path = SettingsCell.swift; sourceTree = "<group>"; };
		48E1FE5225C1EEDE00502387 /* AgeRangeCell.swift */ = {isa = PBXFileReference; lastKnownFileType = sourcecode.swift; path = AgeRangeCell.swift; sourceTree = "<group>"; };
		697CFF882076C2D4D0AE64A4 /* Pods-SwipeMatch.release.xcconfig */ = {isa = PBXFileReference; includeInIndex = 1; lastKnownFileType = text.xcconfig; name = "Pods-SwipeMatch.release.xcconfig"; path = "Target Support Files/Pods-SwipeMatch/Pods-SwipeMatch.release.xcconfig"; sourceTree = "<group>"; };
/* End PBXFileReference section */

/* Begin PBXFrameworksBuildPhase section */
		481979A425BDE17600A338B7 /* Frameworks */ = {
			isa = PBXFrameworksBuildPhase;
			buildActionMask = 2147483647;
			files = (
				4FF4D24EEB278D54D9AC7892 /* Pods_SwipeMatch.framework in Frameworks */,
			);
			runOnlyForDeploymentPostprocessing = 0;
		};
/* End PBXFrameworksBuildPhase section */

/* Begin PBXGroup section */
		00CC3D945C78D91196CEDE1A /* Pods */ = {
			isa = PBXGroup;
			children = (
				31E56089287C9DA1F53A373C /* Pods-SwipeMatch.debug.xcconfig */,
				697CFF882076C2D4D0AE64A4 /* Pods-SwipeMatch.release.xcconfig */,
			);
			path = Pods;
			sourceTree = "<group>";
		};
		4819799E25BDE17600A338B7 = {
			isa = PBXGroup;
			children = (
				481979A925BDE17600A338B7 /* SwipeMatch */,
				481979A825BDE17600A338B7 /* Products */,
				00CC3D945C78D91196CEDE1A /* Pods */,
				EC5E0352A5C12155C2A44E24 /* Frameworks */,
			);
			sourceTree = "<group>";
		};
		481979A825BDE17600A338B7 /* Products */ = {
			isa = PBXGroup;
			children = (
				481979A725BDE17600A338B7 /* SwipeMatch.app */,
			);
			name = Products;
			sourceTree = "<group>";
		};
		481979A925BDE17600A338B7 /* SwipeMatch */ = {
			isa = PBXGroup;
			children = (
				4879964F25BF2D2D00CE9B9F /* ViewModels */,
				4879964E25BF2C9900CE9B9F /* Controllers */,
				4879964B25BF247600CE9B9F /* Model */,
				481979C125BDEC3D00A338B7 /* Views */,
				481979BE25BDE41F00A338B7 /* Extensions */,
				481979AA25BDE17600A338B7 /* AppDelegate.swift */,
				481979AC25BDE17600A338B7 /* SceneDelegate.swift */,
				481979B025BDE17600A338B7 /* Main.storyboard */,
				481979B325BDE17800A338B7 /* Assets.xcassets */,
				481979B525BDE17800A338B7 /* LaunchScreen.storyboard */,
				4880B4E925BF9E10005BF31B /* GoogleService-Info.plist */,
				481979B825BDE17800A338B7 /* Info.plist */,
			);
			path = SwipeMatch;
			sourceTree = "<group>";
		};
		481979BE25BDE41F00A338B7 /* Extensions */ = {
			isa = PBXGroup;
			children = (
				481979BF25BDE48000A338B7 /* Extensions+UIView.swift */,
				48B0E73225C21711004243A4 /* Firebase+Utils.swift */,
			);
			path = Extensions;
			sourceTree = "<group>";
		};
		481979C125BDEC3D00A338B7 /* Views */ = {
			isa = PBXGroup;
			children = (
				481979C225BDEC6E00A338B7 /* HomeBottomControlsStackView.swift */,
				481979C425BDEFB900A338B7 /* TopNavigationStackView.swift */,
				481979C625BDF59700A338B7 /* CardView.swift */,
				4880B4E525BF8452005BF31B /* CustomTextField.swift */,
				48E1FE5025C1C91400502387 /* SettingsCell.swift */,
				48E1FE5225C1EEDE00502387 /* AgeRangeCell.swift */,
			);
			path = Views;
			sourceTree = "<group>";
		};
		4879964B25BF247600CE9B9F /* Model */ = {
			isa = PBXGroup;
			children = (
				4879964C25BF248400CE9B9F /* User.swift */,
				4868DE4725BF369000F30D42 /* Advertiser.swift */,
			);
			path = Model;
			sourceTree = "<group>";
		};
		4879964E25BF2C9900CE9B9F /* Controllers */ = {
			isa = PBXGroup;
			children = (
				481979AE25BDE17600A338B7 /* HomeController.swift */,
				4880B4E325BF7EEC005BF31B /* RegistrationController.swift */,
				485F10FE25C08EED0011C977 /* Bindable.swift */,
				48E1FE4E25C1BCE000502387 /* SettingsController.swift */,
			);
			path = Controllers;
			sourceTree = "<group>";
		};
		4879964F25BF2D2D00CE9B9F /* ViewModels */ = {
			isa = PBXGroup;
			children = (
				4879965025BF2D7300CE9B9F /* CardViewModel.swift */,
				4880B4E725BF9533005BF31B /* RegistrationViewModel.swift */,
			);
			path = ViewModels;
			sourceTree = "<group>";
		};
		EC5E0352A5C12155C2A44E24 /* Frameworks */ = {
			isa = PBXGroup;
			children = (
				1E3110DA65867564E47909FC /* Pods_SwipeMatch.framework */,
			);
			name = Frameworks;
			sourceTree = "<group>";
		};
/* End PBXGroup section */

/* Begin PBXNativeTarget section */
		481979A625BDE17600A338B7 /* SwipeMatch */ = {
			isa = PBXNativeTarget;
			buildConfigurationList = 481979BB25BDE17800A338B7 /* Build configuration list for PBXNativeTarget "SwipeMatch" */;
			buildPhases = (
				0BD8B4E652FEBB41E3019C57 /* [CP] Check Pods Manifest.lock */,
				481979A325BDE17600A338B7 /* Sources */,
				481979A425BDE17600A338B7 /* Frameworks */,
				481979A525BDE17600A338B7 /* Resources */,
				E903A0B1322A8782477CE643 /* [CP] Embed Pods Frameworks */,
			);
			buildRules = (
			);
			dependencies = (
			);
			name = SwipeMatch;
			productName = SwipeMatch;
			productReference = 481979A725BDE17600A338B7 /* SwipeMatch.app */;
			productType = "com.apple.product-type.application";
		};
/* End PBXNativeTarget section */

/* Begin PBXProject section */
		4819799F25BDE17600A338B7 /* Project object */ = {
			isa = PBXProject;
			attributes = {
				LastSwiftUpdateCheck = 1130;
				LastUpgradeCheck = 1130;
				ORGANIZATIONNAME = "Fred Lefevre";
				TargetAttributes = {
					481979A625BDE17600A338B7 = {
						CreatedOnToolsVersion = 11.3.1;
					};
				};
			};
			buildConfigurationList = 481979A225BDE17600A338B7 /* Build configuration list for PBXProject "SwipeMatch" */;
			compatibilityVersion = "Xcode 9.3";
			developmentRegion = en;
			hasScannedForEncodings = 0;
			knownRegions = (
				en,
				Base,
			);
			mainGroup = 4819799E25BDE17600A338B7;
			productRefGroup = 481979A825BDE17600A338B7 /* Products */;
			projectDirPath = "";
			projectRoot = "";
			targets = (
				481979A625BDE17600A338B7 /* SwipeMatch */,
			);
		};
/* End PBXProject section */

/* Begin PBXResourcesBuildPhase section */
		481979A525BDE17600A338B7 /* Resources */ = {
			isa = PBXResourcesBuildPhase;
			buildActionMask = 2147483647;
			files = (
				481979B725BDE17800A338B7 /* LaunchScreen.storyboard in Resources */,
				4880B4EA25BF9E10005BF31B /* GoogleService-Info.plist in Resources */,
				481979B425BDE17800A338B7 /* Assets.xcassets in Resources */,
				481979B225BDE17600A338B7 /* Main.storyboard in Resources */,
			);
			runOnlyForDeploymentPostprocessing = 0;
		};
/* End PBXResourcesBuildPhase section */

/* Begin PBXShellScriptBuildPhase section */
		0BD8B4E652FEBB41E3019C57 /* [CP] Check Pods Manifest.lock */ = {
			isa = PBXShellScriptBuildPhase;
			buildActionMask = 2147483647;
			files = (
			);
			inputFileListPaths = (
			);
			inputPaths = (
				"${PODS_PODFILE_DIR_PATH}/Podfile.lock",
				"${PODS_ROOT}/Manifest.lock",
			);
			name = "[CP] Check Pods Manifest.lock";
			outputFileListPaths = (
			);
			outputPaths = (
				"$(DERIVED_FILE_DIR)/Pods-SwipeMatch-checkManifestLockResult.txt",
			);
			runOnlyForDeploymentPostprocessing = 0;
			shellPath = /bin/sh;
			shellScript = "diff \"${PODS_PODFILE_DIR_PATH}/Podfile.lock\" \"${PODS_ROOT}/Manifest.lock\" > /dev/null\nif [ $? != 0 ] ; then\n    # print error to STDERR\n    echo \"error: The sandbox is not in sync with the Podfile.lock. Run 'pod install' or update your CocoaPods installation.\" >&2\n    exit 1\nfi\n# This output is used by Xcode 'outputs' to avoid re-running this script phase.\necho \"SUCCESS\" > \"${SCRIPT_OUTPUT_FILE_0}\"\n";
			showEnvVarsInLog = 0;
		};
		E903A0B1322A8782477CE643 /* [CP] Embed Pods Frameworks */ = {
			isa = PBXShellScriptBuildPhase;
			buildActionMask = 2147483647;
			files = (
			);
			inputFileListPaths = (
				"${PODS_ROOT}/Target Support Files/Pods-SwipeMatch/Pods-SwipeMatch-frameworks-${CONFIGURATION}-input-files.xcfilelist",
			);
			name = "[CP] Embed Pods Frameworks";
			outputFileListPaths = (
				"${PODS_ROOT}/Target Support Files/Pods-SwipeMatch/Pods-SwipeMatch-frameworks-${CONFIGURATION}-output-files.xcfilelist",
			);
			runOnlyForDeploymentPostprocessing = 0;
			shellPath = /bin/sh;
			shellScript = "\"${PODS_ROOT}/Target Support Files/Pods-SwipeMatch/Pods-SwipeMatch-frameworks.sh\"\n";
			showEnvVarsInLog = 0;
		};
/* End PBXShellScriptBuildPhase section */

/* Begin PBXSourcesBuildPhase section */
		481979A325BDE17600A338B7 /* Sources */ = {
			isa = PBXSourcesBuildPhase;
			buildActionMask = 2147483647;
			files = (
				48B0E73325C21711004243A4 /* Firebase+Utils.swift in Sources */,
				481979C725BDF59700A338B7 /* CardView.swift in Sources */,
				481979AF25BDE17600A338B7 /* HomeController.swift in Sources */,
				481979AB25BDE17600A338B7 /* AppDelegate.swift in Sources */,
				481979C325BDEC6E00A338B7 /* HomeBottomControlsStackView.swift in Sources */,
				4879964D25BF248400CE9B9F /* User.swift in Sources */,
				48E1FE5325C1EEDE00502387 /* AgeRangeCell.swift in Sources */,
				481979C525BDEFB900A338B7 /* TopNavigationStackView.swift in Sources */,
				48E1FE4F25C1BCE000502387 /* SettingsController.swift in Sources */,
				4880B4E425BF7EEC005BF31B /* RegistrationController.swift in Sources */,
				481979C025BDE48000A338B7 /* Extensions+UIView.swift in Sources */,
				485F10FF25C08EED0011C977 /* Bindable.swift in Sources */,
				4880B4E625BF8452005BF31B /* CustomTextField.swift in Sources */,
				4880B4E825BF9533005BF31B /* RegistrationViewModel.swift in Sources */,
				4868DE4825BF369000F30D42 /* Advertiser.swift in Sources */,
				481979AD25BDE17600A338B7 /* SceneDelegate.swift in Sources */,
				48E1FE5125C1C91400502387 /* SettingsCell.swift in Sources */,
				4879965125BF2D7300CE9B9F /* CardViewModel.swift in Sources */,
			);
			runOnlyForDeploymentPostprocessing = 0;
		};
/* End PBXSourcesBuildPhase section */

/* Begin PBXVariantGroup section */
		481979B025BDE17600A338B7 /* Main.storyboard */ = {
			isa = PBXVariantGroup;
			children = (
				481979B125BDE17600A338B7 /* Base */,
			);
			name = Main.storyboard;
			sourceTree = "<group>";
		};
		481979B525BDE17800A338B7 /* LaunchScreen.storyboard */ = {
			isa = PBXVariantGroup;
			children = (
				481979B625BDE17800A338B7 /* Base */,
			);
			name = LaunchScreen.storyboard;
			sourceTree = "<group>";
		};
/* End PBXVariantGroup section */

/* Begin XCBuildConfiguration section */
		481979B925BDE17800A338B7 /* Debug */ = {
			isa = XCBuildConfiguration;
			buildSettings = {
				ALWAYS_SEARCH_USER_PATHS = NO;
				CLANG_ANALYZER_NONNULL = YES;
				CLANG_ANALYZER_NUMBER_OBJECT_CONVERSION = YES_AGGRESSIVE;
				CLANG_CXX_LANGUAGE_STANDARD = "gnu++14";
				CLANG_CXX_LIBRARY = "libc++";
				CLANG_ENABLE_MODULES = YES;
				CLANG_ENABLE_OBJC_ARC = YES;
				CLANG_ENABLE_OBJC_WEAK = YES;
				CLANG_WARN_BLOCK_CAPTURE_AUTORELEASING = YES;
				CLANG_WARN_BOOL_CONVERSION = YES;
				CLANG_WARN_COMMA = YES;
				CLANG_WARN_CONSTANT_CONVERSION = YES;
				CLANG_WARN_DEPRECATED_OBJC_IMPLEMENTATIONS = YES;
				CLANG_WARN_DIRECT_OBJC_ISA_USAGE = YES_ERROR;
				CLANG_WARN_DOCUMENTATION_COMMENTS = YES;
				CLANG_WARN_EMPTY_BODY = YES;
				CLANG_WARN_ENUM_CONVERSION = YES;
				CLANG_WARN_INFINITE_RECURSION = YES;
				CLANG_WARN_INT_CONVERSION = YES;
				CLANG_WARN_NON_LITERAL_NULL_CONVERSION = YES;
				CLANG_WARN_OBJC_IMPLICIT_RETAIN_SELF = YES;
				CLANG_WARN_OBJC_LITERAL_CONVERSION = YES;
				CLANG_WARN_OBJC_ROOT_CLASS = YES_ERROR;
				CLANG_WARN_RANGE_LOOP_ANALYSIS = YES;
				CLANG_WARN_STRICT_PROTOTYPES = YES;
				CLANG_WARN_SUSPICIOUS_MOVE = YES;
				CLANG_WARN_UNGUARDED_AVAILABILITY = YES_AGGRESSIVE;
				CLANG_WARN_UNREACHABLE_CODE = YES;
				CLANG_WARN__DUPLICATE_METHOD_MATCH = YES;
				COPY_PHASE_STRIP = NO;
				DEBUG_INFORMATION_FORMAT = dwarf;
				ENABLE_STRICT_OBJC_MSGSEND = YES;
				ENABLE_TESTABILITY = YES;
				GCC_C_LANGUAGE_STANDARD = gnu11;
				GCC_DYNAMIC_NO_PIC = NO;
				GCC_NO_COMMON_BLOCKS = YES;
				GCC_OPTIMIZATION_LEVEL = 0;
				GCC_PREPROCESSOR_DEFINITIONS = (
					"DEBUG=1",
					"$(inherited)",
				);
				GCC_WARN_64_TO_32_BIT_CONVERSION = YES;
				GCC_WARN_ABOUT_RETURN_TYPE = YES_ERROR;
				GCC_WARN_UNDECLARED_SELECTOR = YES;
				GCC_WARN_UNINITIALIZED_AUTOS = YES_AGGRESSIVE;
				GCC_WARN_UNUSED_FUNCTION = YES;
				GCC_WARN_UNUSED_VARIABLE = YES;
				IPHONEOS_DEPLOYMENT_TARGET = 13.2;
				MTL_ENABLE_DEBUG_INFO = INCLUDE_SOURCE;
				MTL_FAST_MATH = YES;
				ONLY_ACTIVE_ARCH = YES;
				SDKROOT = iphoneos;
				SWIFT_ACTIVE_COMPILATION_CONDITIONS = DEBUG;
				SWIFT_OPTIMIZATION_LEVEL = "-Onone";
			};
			name = Debug;
		};
		481979BA25BDE17800A338B7 /* Release */ = {
			isa = XCBuildConfiguration;
			buildSettings = {
				ALWAYS_SEARCH_USER_PATHS = NO;
				CLANG_ANALYZER_NONNULL = YES;
				CLANG_ANALYZER_NUMBER_OBJECT_CONVERSION = YES_AGGRESSIVE;
				CLANG_CXX_LANGUAGE_STANDARD = "gnu++14";
				CLANG_CXX_LIBRARY = "libc++";
				CLANG_ENABLE_MODULES = YES;
				CLANG_ENABLE_OBJC_ARC = YES;
				CLANG_ENABLE_OBJC_WEAK = YES;
				CLANG_WARN_BLOCK_CAPTURE_AUTORELEASING = YES;
				CLANG_WARN_BOOL_CONVERSION = YES;
				CLANG_WARN_COMMA = YES;
				CLANG_WARN_CONSTANT_CONVERSION = YES;
				CLANG_WARN_DEPRECATED_OBJC_IMPLEMENTATIONS = YES;
				CLANG_WARN_DIRECT_OBJC_ISA_USAGE = YES_ERROR;
				CLANG_WARN_DOCUMENTATION_COMMENTS = YES;
				CLANG_WARN_EMPTY_BODY = YES;
				CLANG_WARN_ENUM_CONVERSION = YES;
				CLANG_WARN_INFINITE_RECURSION = YES;
				CLANG_WARN_INT_CONVERSION = YES;
				CLANG_WARN_NON_LITERAL_NULL_CONVERSION = YES;
				CLANG_WARN_OBJC_IMPLICIT_RETAIN_SELF = YES;
				CLANG_WARN_OBJC_LITERAL_CONVERSION = YES;
				CLANG_WARN_OBJC_ROOT_CLASS = YES_ERROR;
				CLANG_WARN_RANGE_LOOP_ANALYSIS = YES;
				CLANG_WARN_STRICT_PROTOTYPES = YES;
				CLANG_WARN_SUSPICIOUS_MOVE = YES;
				CLANG_WARN_UNGUARDED_AVAILABILITY = YES_AGGRESSIVE;
				CLANG_WARN_UNREACHABLE_CODE = YES;
				CLANG_WARN__DUPLICATE_METHOD_MATCH = YES;
				COPY_PHASE_STRIP = NO;
				DEBUG_INFORMATION_FORMAT = "dwarf-with-dsym";
				ENABLE_NS_ASSERTIONS = NO;
				ENABLE_STRICT_OBJC_MSGSEND = YES;
				GCC_C_LANGUAGE_STANDARD = gnu11;
				GCC_NO_COMMON_BLOCKS = YES;
				GCC_WARN_64_TO_32_BIT_CONVERSION = YES;
				GCC_WARN_ABOUT_RETURN_TYPE = YES_ERROR;
				GCC_WARN_UNDECLARED_SELECTOR = YES;
				GCC_WARN_UNINITIALIZED_AUTOS = YES_AGGRESSIVE;
				GCC_WARN_UNUSED_FUNCTION = YES;
				GCC_WARN_UNUSED_VARIABLE = YES;
				IPHONEOS_DEPLOYMENT_TARGET = 13.2;
				MTL_ENABLE_DEBUG_INFO = NO;
				MTL_FAST_MATH = YES;
				SDKROOT = iphoneos;
				SWIFT_COMPILATION_MODE = wholemodule;
				SWIFT_OPTIMIZATION_LEVEL = "-O";
				VALIDATE_PRODUCT = YES;
			};
			name = Release;
		};
		481979BC25BDE17800A338B7 /* Debug */ = {
			isa = XCBuildConfiguration;
			baseConfigurationReference = 31E56089287C9DA1F53A373C /* Pods-SwipeMatch.debug.xcconfig */;
			buildSettings = {
				ASSETCATALOG_COMPILER_APPICON_NAME = AppIcon;
				CODE_SIGN_STYLE = Automatic;
				DEVELOPMENT_TEAM = R6V3TXD99T;
				INFOPLIST_FILE = SwipeMatch/Info.plist;
				LD_RUNPATH_SEARCH_PATHS = (
					"$(inherited)",
					"@executable_path/Frameworks",
				);
				PRODUCT_BUNDLE_IDENTIFIER = com.fredlefevre.SwipeMatch;
				PRODUCT_NAME = "$(TARGET_NAME)";
				SWIFT_VERSION = 5.0;
				TARGETED_DEVICE_FAMILY = "1,2";
			};
			name = Debug;
		};
		481979BD25BDE17800A338B7 /* Release */ = {
			isa = XCBuildConfiguration;
			baseConfigurationReference = 697CFF882076C2D4D0AE64A4 /* Pods-SwipeMatch.release.xcconfig */;
			buildSettings = {
				ASSETCATALOG_COMPILER_APPICON_NAME = AppIcon;
				CODE_SIGN_STYLE = Automatic;
				DEVELOPMENT_TEAM = R6V3TXD99T;
				INFOPLIST_FILE = SwipeMatch/Info.plist;
				LD_RUNPATH_SEARCH_PATHS = (
					"$(inherited)",
					"@executable_path/Frameworks",
				);
				PRODUCT_BUNDLE_IDENTIFIER = com.fredlefevre.SwipeMatch;
				PRODUCT_NAME = "$(TARGET_NAME)";
				SWIFT_VERSION = 5.0;
				TARGETED_DEVICE_FAMILY = "1,2";
			};
			name = Release;
		};
/* End XCBuildConfiguration section */

/* Begin XCConfigurationList section */
		481979A225BDE17600A338B7 /* Build configuration list for PBXProject "SwipeMatch" */ = {
			isa = XCConfigurationList;
			buildConfigurations = (
				481979B925BDE17800A338B7 /* Debug */,
				481979BA25BDE17800A338B7 /* Release */,
			);
			defaultConfigurationIsVisible = 0;
			defaultConfigurationName = Release;
		};
		481979BB25BDE17800A338B7 /* Build configuration list for PBXNativeTarget "SwipeMatch" */ = {
			isa = XCConfigurationList;
			buildConfigurations = (
				481979BC25BDE17800A338B7 /* Debug */,
				481979BD25BDE17800A338B7 /* Release */,
			);
			defaultConfigurationIsVisible = 0;
			defaultConfigurationName = Release;
		};
/* End XCConfigurationList section */
	};
	rootObject = 4819799F25BDE17600A338B7 /* Project object */;
}
