// !$*UTF8*$!
{
	archiveVersion = 1;
	classes = {
	};
	objectVersion = 50;
	objects = {

/* Begin PBXBuildFile section */
		481979AB25BDE17600A338B7 /* AppDelegate.swift in Sources */ = {isa = PBXBuildFile; fileRef = 481979AA25BDE17600A338B7 /* AppDelegate.swift */; };
		481979AD25BDE17600A338B7 /* SceneDelegate.swift in Sources */ = {isa = PBXBuildFile; fileRef = 481979AC25BDE17600A338B7 /* SceneDelegate.swift */; };
		481979AF25BDE17600A338B7 /* ViewController.swift in Sources */ = {isa = PBXBuildFile; fileRef = 481979AE25BDE17600A338B7 /* ViewController.swift */; };
		481979B225BDE17600A338B7 /* Main.storyboard in Resources */ = {isa = PBXBuildFile; fileRef = 481979B025BDE17600A338B7 /* Main.storyboard */; };
		481979B425BDE17800A338B7 /* Assets.xcassets in Resources */ = {isa = PBXBuildFile; fileRef = 481979B325BDE17800A338B7 /* Assets.xcassets */; };
		481979B725BDE17800A338B7 /* LaunchScreen.storyboard in Resources */ = {isa = PBXBuildFile; fileRef = 481979B525BDE17800A338B7 /* LaunchScreen.storyboard */; };
		481979C025BDE48000A338B7 /* Extensions+UIView.swift in Sources */ = {isa = PBXBuildFile; fileRef = 481979BF25BDE48000A338B7 /* Extensions+UIView.swift */; };
		481979C325BDEC6E00A338B7 /* HomeBottomControlsStackView.swift in Sources */ = {isa = PBXBuildFile; fileRef = 481979C225BDEC6E00A338B7 /* HomeBottomControlsStackView.swift */; };
		481979C525BDEFB900A338B7 /* TopNavigationStackView.swift in Sources */ = {isa = PBXBuildFile; fileRef = 481979C425BDEFB900A338B7 /* TopNavigationStackView.swift */; };
		481979C725BDF59700A338B7 /* CardView.swift in Sources */ = {isa = PBXBuildFile; fileRef = 481979C625BDF59700A338B7 /* CardView.swift */; };
/* End PBXBuildFile section */

/* Begin PBXFileReference section */
		481979A725BDE17600A338B7 /* SwipeMatch.app */ = {isa = PBXFileReference; explicitFileType = wrapper.application; includeInIndex = 0; path = SwipeMatch.app; sourceTree = BUILT_PRODUCTS_DIR; };
		481979AA25BDE17600A338B7 /* AppDelegate.swift */ = {isa = PBXFileReference; lastKnownFileType = sourcecode.swift; path = AppDelegate.swift; sourceTree = "<group>"; };
		481979AC25BDE17600A338B7 /* SceneDelegate.swift */ = {isa = PBXFileReference; lastKnownFileType = sourcecode.swift; path = SceneDelegate.swift; sourceTree = "<group>"; };
		481979AE25BDE17600A338B7 /* ViewController.swift */ = {isa = PBXFileReference; lastKnownFileType = sourcecode.swift; path = ViewController.swift; sourceTree = "<group>"; };
		481979B125BDE17600A338B7 /* Base */ = {isa = PBXFileReference; lastKnownFileType = file.storyboard; name = Base; path = Base.lproj/Main.storyboard; sourceTree = "<group>"; };
		481979B325BDE17800A338B7 /* Assets.xcassets */ = {isa = PBXFileReference; lastKnownFileType = folder.assetcatalog; path = Assets.xcassets; sourceTree = "<group>"; };
		481979B625BDE17800A338B7 /* Base */ = {isa = PBXFileReference; lastKnownFileType = file.storyboard; name = Base; path = Base.lproj/LaunchScreen.storyboard; sourceTree = "<group>"; };
		481979B825BDE17800A338B7 /* Info.plist */ = {isa = PBXFileReference; lastKnownFileType = text.plist.xml; path = Info.plist; sourceTree = "<group>"; };
		481979BF25BDE48000A338B7 /* Extensions+UIView.swift */ = {isa = PBXFileReference; fileEncoding = 4; lastKnownFileType = sourcecode.swift; path = "Extensions+UIView.swift"; sourceTree = "<group>"; };
		481979C225BDEC6E00A338B7 /* HomeBottomControlsStackView.swift */ = {isa = PBXFileReference; lastKnownFileType = sourcecode.swift; path = HomeBottomControlsStackView.swift; sourceTree = "<group>"; };
		481979C425BDEFB900A338B7 /* TopNavigationStackView.swift */ = {isa = PBXFileReference; lastKnownFileType = sourcecode.swift; path = TopNavigationStackView.swift; sourceTree = "<group>"; };
		481979C625BDF59700A338B7 /* CardView.swift */ = {isa = PBXFileReference; lastKnownFileType = sourcecode.swift; path = CardView.swift; sourceTree = "<group>"; };
/* End PBXFileReference section */

/* Begin PBXFrameworksBuildPhase section */
		481979A425BDE17600A338B7 /* Frameworks */ = {
			isa = PBXFrameworksBuildPhase;
			buildActionMask = 2147483647;
			files = (
			);
			runOnlyForDeploymentPostprocessing = 0;
		};
/* End PBXFrameworksBuildPhase section */

/* Begin PBXGroup section */
		4819799E25BDE17600A338B7 = {
			isa = PBXGroup;
			children = (
				481979A925BDE17600A338B7 /* SwipeMatch */,
				481979A825BDE17600A338B7 /* Products */,
			);
			sourceTree = "<group>";
		};
		481979A825BDE17600A338B7 /* Products */ = {
			isa = PBXGroup;
			children = (
				481979A725BDE17600A338B7 /* SwipeMatch.app */,
			);
			name = Products;
			sourceTree = "<group>";
		};
		481979A925BDE17600A338B7 /* SwipeMatch */ = {
			isa = PBXGroup;
			children = (
				481979C125BDEC3D00A338B7 /* Views */,
				481979BE25BDE41F00A338B7 /* Extensions */,
				481979AA25BDE17600A338B7 /* AppDelegate.swift */,
				481979AC25BDE17600A338B7 /* SceneDelegate.swift */,
				481979AE25BDE17600A338B7 /* ViewController.swift */,
				481979B025BDE17600A338B7 /* Main.storyboard */,
				481979B325BDE17800A338B7 /* Assets.xcassets */,
				481979B525BDE17800A338B7 /* LaunchScreen.storyboard */,
				481979B825BDE17800A338B7 /* Info.plist */,
			);
			path = SwipeMatch;
			sourceTree = "<group>";
		};
		481979BE25BDE41F00A338B7 /* Extensions */ = {
			isa = PBXGroup;
			children = (
				481979BF25BDE48000A338B7 /* Extensions+UIView.swift */,
			);
			path = Extensions;
			sourceTree = "<group>";
		};
		481979C125BDEC3D00A338B7 /* Views */ = {
			isa = PBXGroup;
			children = (
				481979C225BDEC6E00A338B7 /* HomeBottomControlsStackView.swift */,
				481979C425BDEFB900A338B7 /* TopNavigationStackView.swift */,
				481979C625BDF59700A338B7 /* CardView.swift */,
			);
			path = Views;
			sourceTree = "<group>";
		};
/* End PBXGroup section */

/* Begin PBXNativeTarget section */
		481979A625BDE17600A338B7 /* SwipeMatch */ = {
			isa = PBXNativeTarget;
			buildConfigurationList = 481979BB25BDE17800A338B7 /* Build configuration list for PBXNativeTarget "SwipeMatch" */;
			buildPhases = (
				481979A325BDE17600A338B7 /* Sources */,
				481979A425BDE17600A338B7 /* Frameworks */,
				481979A525BDE17600A338B7 /* Resources */,
			);
			buildRules = (
			);
			dependencies = (
			);
			name = SwipeMatch;
			productName = SwipeMatch;
			productReference = 481979A725BDE17600A338B7 /* SwipeMatch.app */;
			productType = "com.apple.product-type.application";
		};
/* End PBXNativeTarget section */

/* Begin PBXProject section */
		4819799F25BDE17600A338B7 /* Project object */ = {
			isa = PBXProject;
			attributes = {
				LastSwiftUpdateCheck = 1130;
				LastUpgradeCheck = 1130;
				ORGANIZATIONNAME = "Fred Lefevre";
				TargetAttributes = {
					481979A625BDE17600A338B7 = {
						CreatedOnToolsVersion = 11.3.1;
					};
				};
			};
			buildConfigurationList = 481979A225BDE17600A338B7 /* Build configuration list for PBXProject "SwipeMatch" */;
			compatibilityVersion = "Xcode 9.3";
			developmentRegion = en;
			hasScannedForEncodings = 0;
			knownRegions = (
				en,
				Base,
			);
			mainGroup = 4819799E25BDE17600A338B7;
			productRefGroup = 481979A825BDE17600A338B7 /* Products */;
			projectDirPath = "";
			projectRoot = "";
			targets = (
				481979A625BDE17600A338B7 /* SwipeMatch */,
			);
		};
/* End PBXProject section */

/* Begin PBXResourcesBuildPhase section */
		481979A525BDE17600A338B7 /* Resources */ = {
			isa = PBXResourcesBuildPhase;
			buildActionMask = 2147483647;
			files = (
				481979B725BDE17800A338B7 /* LaunchScreen.storyboard in Resources */,
				481979B425BDE17800A338B7 /* Assets.xcassets in Resources */,
				481979B225BDE17600A338B7 /* Main.storyboard in Resources */,
			);
			runOnlyForDeploymentPostprocessing = 0;
		};
/* End PBXResourcesBuildPhase section */

/* Begin PBXSourcesBuildPhase section */
		481979A325BDE17600A338B7 /* Sources */ = {
			isa = PBXSourcesBuildPhase;
			buildActionMask = 2147483647;
			files = (
				481979C725BDF59700A338B7 /* CardView.swift in Sources */,
				481979AF25BDE17600A338B7 /* ViewController.swift in Sources */,
				481979AB25BDE17600A338B7 /* AppDelegate.swift in Sources */,
				481979C325BDEC6E00A338B7 /* HomeBottomControlsStackView.swift in Sources */,
				481979C525BDEFB900A338B7 /* TopNavigationStackView.swift in Sources */,
				481979C025BDE48000A338B7 /* Extensions+UIView.swift in Sources */,
				481979AD25BDE17600A338B7 /* SceneDelegate.swift in Sources */,
			);
			runOnlyForDeploymentPostprocessing = 0;
		};
/* End PBXSourcesBuildPhase section */

/* Begin PBXVariantGroup section */
		481979B025BDE17600A338B7 /* Main.storyboard */ = {
			isa = PBXVariantGroup;
			children = (
				481979B125BDE17600A338B7 /* Base */,
			);
			name = Main.storyboard;
			sourceTree = "<group>";
		};
		481979B525BDE17800A338B7 /* LaunchScreen.storyboard */ = {
			isa = PBXVariantGroup;
			children = (
				481979B625BDE17800A338B7 /* Base */,
			);
			name = LaunchScreen.storyboard;
			sourceTree = "<group>";
		};
/* End PBXVariantGroup section */

/* Begin XCBuildConfiguration section */
		481979B925BDE17800A338B7 /* Debug */ = {
			isa = XCBuildConfiguration;
			buildSettings = {
				ALWAYS_SEARCH_USER_PATHS = NO;
				CLANG_ANALYZER_NONNULL = YES;
				CLANG_ANALYZER_NUMBER_OBJECT_CONVERSION = YES_AGGRESSIVE;
				CLANG_CXX_LANGUAGE_STANDARD = "gnu++14";
				CLANG_CXX_LIBRARY = "libc++";
				CLANG_ENABLE_MODULES = YES;
				CLANG_ENABLE_OBJC_ARC = YES;
				CLANG_ENABLE_OBJC_WEAK = YES;
				CLANG_WARN_BLOCK_CAPTURE_AUTORELEASING = YES;
				CLANG_WARN_BOOL_CONVERSION = YES;
				CLANG_WARN_COMMA = YES;
				CLANG_WARN_CONSTANT_CONVERSION = YES;
				CLANG_WARN_DEPRECATED_OBJC_IMPLEMENTATIONS = YES;
				CLANG_WARN_DIRECT_OBJC_ISA_USAGE = YES_ERROR;
				CLANG_WARN_DOCUMENTATION_COMMENTS = YES;
				CLANG_WARN_EMPTY_BODY = YES;
				CLANG_WARN_ENUM_CONVERSION = YES;
				CLANG_WARN_INFINITE_RECURSION = YES;
				CLANG_WARN_INT_CONVERSION = YES;
				CLANG_WARN_NON_LITERAL_NULL_CONVERSION = YES;
				CLANG_WARN_OBJC_IMPLICIT_RETAIN_SELF = YES;
				CLANG_WARN_OBJC_LITERAL_CONVERSION = YES;
				CLANG_WARN_OBJC_ROOT_CLASS = YES_ERROR;
				CLANG_WARN_RANGE_LOOP_ANALYSIS = YES;
				CLANG_WARN_STRICT_PROTOTYPES = YES;
				CLANG_WARN_SUSPICIOUS_MOVE = YES;
				CLANG_WARN_UNGUARDED_AVAILABILITY = YES_AGGRESSIVE;
				CLANG_WARN_UNREACHABLE_CODE = YES;
				CLANG_WARN__DUPLICATE_METHOD_MATCH = YES;
				COPY_PHASE_STRIP = NO;
				DEBUG_INFORMATION_FORMAT = dwarf;
				ENABLE_STRICT_OBJC_MSGSEND = YES;
				ENABLE_TESTABILITY = YES;
				GCC_C_LANGUAGE_STANDARD = gnu11;
				GCC_DYNAMIC_NO_PIC = NO;
				GCC_NO_COMMON_BLOCKS = YES;
				GCC_OPTIMIZATION_LEVEL = 0;
				GCC_PREPROCESSOR_DEFINITIONS = (
					"DEBUG=1",
					"$(inherited)",
				);
				GCC_WARN_64_TO_32_BIT_CONVERSION = YES;
				GCC_WARN_ABOUT_RETURN_TYPE = YES_ERROR;
				GCC_WARN_UNDECLARED_SELECTOR = YES;
				GCC_WARN_UNINITIALIZED_AUTOS = YES_AGGRESSIVE;
				GCC_WARN_UNUSED_FUNCTION = YES;
				GCC_WARN_UNUSED_VARIABLE = YES;
				IPHONEOS_DEPLOYMENT_TARGET = 13.2;
				MTL_ENABLE_DEBUG_INFO = INCLUDE_SOURCE;
				MTL_FAST_MATH = YES;
				ONLY_ACTIVE_ARCH = YES;
				SDKROOT = iphoneos;
				SWIFT_ACTIVE_COMPILATION_CONDITIONS = DEBUG;
				SWIFT_OPTIMIZATION_LEVEL = "-Onone";
			};
			name = Debug;
		};
		481979BA25BDE17800A338B7 /* Release */ = {
			isa = XCBuildConfiguration;
			buildSettings = {
				ALWAYS_SEARCH_USER_PATHS = NO;
				CLANG_ANALYZER_NONNULL = YES;
				CLANG_ANALYZER_NUMBER_OBJECT_CONVERSION = YES_AGGRESSIVE;
				CLANG_CXX_LANGUAGE_STANDARD = "gnu++14";
				CLANG_CXX_LIBRARY = "libc++";
				CLANG_ENABLE_MODULES = YES;
				CLANG_ENABLE_OBJC_ARC = YES;
				CLANG_ENABLE_OBJC_WEAK = YES;
				CLANG_WARN_BLOCK_CAPTURE_AUTORELEASING = YES;
				CLANG_WARN_BOOL_CONVERSION = YES;
				CLANG_WARN_COMMA = YES;
				CLANG_WARN_CONSTANT_CONVERSION = YES;
				CLANG_WARN_DEPRECATED_OBJC_IMPLEMENTATIONS = YES;
				CLANG_WARN_DIRECT_OBJC_ISA_USAGE = YES_ERROR;
				CLANG_WARN_DOCUMENTATION_COMMENTS = YES;
				CLANG_WARN_EMPTY_BODY = YES;
				CLANG_WARN_ENUM_CONVERSION = YES;
				CLANG_WARN_INFINITE_RECURSION = YES;
				CLANG_WARN_INT_CONVERSION = YES;
				CLANG_WARN_NON_LITERAL_NULL_CONVERSION = YES;
				CLANG_WARN_OBJC_IMPLICIT_RETAIN_SELF = YES;
				CLANG_WARN_OBJC_LITERAL_CONVERSION = YES;
				CLANG_WARN_OBJC_ROOT_CLASS = YES_ERROR;
				CLANG_WARN_RANGE_LOOP_ANALYSIS = YES;
				CLANG_WARN_STRICT_PROTOTYPES = YES;
				CLANG_WARN_SUSPICIOUS_MOVE = YES;
				CLANG_WARN_UNGUARDED_AVAILABILITY = YES_AGGRESSIVE;
				CLANG_WARN_UNREACHABLE_CODE = YES;
				CLANG_WARN__DUPLICATE_METHOD_MATCH = YES;
				COPY_PHASE_STRIP = NO;
				DEBUG_INFORMATION_FORMAT = "dwarf-with-dsym";
				ENABLE_NS_ASSERTIONS = NO;
				ENABLE_STRICT_OBJC_MSGSEND = YES;
				GCC_C_LANGUAGE_STANDARD = gnu11;
				GCC_NO_COMMON_BLOCKS = YES;
				GCC_WARN_64_TO_32_BIT_CONVERSION = YES;
				GCC_WARN_ABOUT_RETURN_TYPE = YES_ERROR;
				GCC_WARN_UNDECLARED_SELECTOR = YES;
				GCC_WARN_UNINITIALIZED_AUTOS = YES_AGGRESSIVE;
				GCC_WARN_UNUSED_FUNCTION = YES;
				GCC_WARN_UNUSED_VARIABLE = YES;
				IPHONEOS_DEPLOYMENT_TARGET = 13.2;
				MTL_ENABLE_DEBUG_INFO = NO;
				MTL_FAST_MATH = YES;
				SDKROOT = iphoneos;
				SWIFT_COMPILATION_MODE = wholemodule;
				SWIFT_OPTIMIZATION_LEVEL = "-O";
				VALIDATE_PRODUCT = YES;
			};
			name = Release;
		};
		481979BC25BDE17800A338B7 /* Debug */ = {
			isa = XCBuildConfiguration;
			buildSettings = {
				ASSETCATALOG_COMPILER_APPICON_NAME = AppIcon;
				CODE_SIGN_STYLE = Automatic;
				DEVELOPMENT_TEAM = R6V3TXD99T;
				INFOPLIST_FILE = SwipeMatch/Info.plist;
				LD_RUNPATH_SEARCH_PATHS = (
					"$(inherited)",
					"@executable_path/Frameworks",
				);
				PRODUCT_BUNDLE_IDENTIFIER = com.fredlefevre.SwipeMatch;
				PRODUCT_NAME = "$(TARGET_NAME)";
				SWIFT_VERSION = 5.0;
				TARGETED_DEVICE_FAMILY = "1,2";
			};
			name = Debug;
		};
		481979BD25BDE17800A338B7 /* Release */ = {
			isa = XCBuildConfiguration;
			buildSettings = {
				ASSETCATALOG_COMPILER_APPICON_NAME = AppIcon;
				CODE_SIGN_STYLE = Automatic;
				DEVELOPMENT_TEAM = R6V3TXD99T;
				INFOPLIST_FILE = SwipeMatch/Info.plist;
				LD_RUNPATH_SEARCH_PATHS = (
					"$(inherited)",
					"@executable_path/Frameworks",
				);
				PRODUCT_BUNDLE_IDENTIFIER = com.fredlefevre.SwipeMatch;
				PRODUCT_NAME = "$(TARGET_NAME)";
				SWIFT_VERSION = 5.0;
				TARGETED_DEVICE_FAMILY = "1,2";
			};
			name = Release;
		};
/* End XCBuildConfiguration section */

/* Begin XCConfigurationList section */
		481979A225BDE17600A338B7 /* Build configuration list for PBXProject "SwipeMatch" */ = {
			isa = XCConfigurationList;
			buildConfigurations = (
				481979B925BDE17800A338B7 /* Debug */,
				481979BA25BDE17800A338B7 /* Release */,
			);
			defaultConfigurationIsVisible = 0;
			defaultConfigurationName = Release;
		};
		481979BB25BDE17800A338B7 /* Build configuration list for PBXNativeTarget "SwipeMatch" */ = {
			isa = XCConfigurationList;
			buildConfigurations = (
				481979BC25BDE17800A338B7 /* Debug */,
				481979BD25BDE17800A338B7 /* Release */,
			);
			defaultConfigurationIsVisible = 0;
			defaultConfigurationName = Release;
		};
/* End XCConfigurationList section */
	};
	rootObject = 4819799F25BDE17600A338B7 /* Project object */;
}
